// !$*UTF8*$!
{
	archiveVersion = 1;
	classes = {
	};
	objectVersion = 55;
	objects = {

/* Begin PBXBuildFile section */
		6A2747362899505D0077EFAA /* BeerCollectionViewCell.swift in Sources */ = {isa = PBXBuildFile; fileRef = 6A2747342899505D0077EFAA /* BeerCollectionViewCell.swift */; };
		6A2747372899505D0077EFAA /* BeerCollectionViewCell.xib in Resources */ = {isa = PBXBuildFile; fileRef = 6A2747352899505D0077EFAA /* BeerCollectionViewCell.xib */; };
		6A274739289952DD0077EFAA /* BeerModel.swift in Sources */ = {isa = PBXBuildFile; fileRef = 6A274738289952DD0077EFAA /* BeerModel.swift */; };
		6A274777289A09430077EFAA /* ImageSearchViewController.swift in Sources */ = {isa = PBXBuildFile; fileRef = 6A274776289A09430077EFAA /* ImageSearchViewController.swift */; };
		6A27477A289AC7EC0077EFAA /* ImageSearchCollectionViewCell.swift in Sources */ = {isa = PBXBuildFile; fileRef = 6A274778289AC7EC0077EFAA /* ImageSearchCollectionViewCell.swift */; };
		6A27477B289AC7EC0077EFAA /* ImageSearchCollectionViewCell.xib in Resources */ = {isa = PBXBuildFile; fileRef = 6A274779289AC7EC0077EFAA /* ImageSearchCollectionViewCell.xib */; };
		6A68FA252890DD7300AF6851 /* AppDelegate.swift in Sources */ = {isa = PBXBuildFile; fileRef = 6A68FA242890DD7300AF6851 /* AppDelegate.swift */; };
		6A68FA272890DD7300AF6851 /* SceneDelegate.swift in Sources */ = {isa = PBXBuildFile; fileRef = 6A68FA262890DD7300AF6851 /* SceneDelegate.swift */; };
		6A68FA292890DD7300AF6851 /* ViewController.swift in Sources */ = {isa = PBXBuildFile; fileRef = 6A68FA282890DD7300AF6851 /* ViewController.swift */; };
		6A68FA2C2890DD7300AF6851 /* Main.storyboard in Resources */ = {isa = PBXBuildFile; fileRef = 6A68FA2A2890DD7300AF6851 /* Main.storyboard */; };
		6A68FA2E2890DD7500AF6851 /* Assets.xcassets in Resources */ = {isa = PBXBuildFile; fileRef = 6A68FA2D2890DD7500AF6851 /* Assets.xcassets */; };
		6A68FA312890DD7500AF6851 /* LaunchScreen.storyboard in Resources */ = {isa = PBXBuildFile; fileRef = 6A68FA2F2890DD7500AF6851 /* LaunchScreen.storyboard */; };
		6A68FA392890E1F700AF6851 /* SearchViewController.swift in Sources */ = {isa = PBXBuildFile; fileRef = 6A68FA382890E1F700AF6851 /* SearchViewController.swift */; };
		6A68FA402890E52B00AF6851 /* ListTableViewCell.swift in Sources */ = {isa = PBXBuildFile; fileRef = 6A68FA3E2890E52B00AF6851 /* ListTableViewCell.swift */; };
		6A68FA412890E52B00AF6851 /* ListTableViewCell.xib in Resources */ = {isa = PBXBuildFile; fileRef = 6A68FA3F2890E52B00AF6851 /* ListTableViewCell.xib */; };
		6A6DD21C289B4FD2005D80DC /* JGProgressHUD in Frameworks */ = {isa = PBXBuildFile; productRef = 6A6DD21B289B4FD2005D80DC /* JGProgressHUD */; };
		6AAA2ACD28920CD600901551 /* ViewPresentableProtocol.swift in Sources */ = {isa = PBXBuildFile; fileRef = 6AAA2ACC28920CD600901551 /* ViewPresentableProtocol.swift */; };
		6AAA2ACF2892237800901551 /* LottoViewController.swift in Sources */ = {isa = PBXBuildFile; fileRef = 6AAA2ACE2892237800901551 /* LottoViewController.swift */; };
		6AB99F60289CB3F600F65430 /* ImageSearchAPIManager.swift in Sources */ = {isa = PBXBuildFile; fileRef = 6AB99F5F289CB3F600F65430 /* ImageSearchAPIManager.swift */; };
		6AE7BB7A2892306600CDB691 /* TranslateViewController.swift in Sources */ = {isa = PBXBuildFile; fileRef = 6AE7BB792892306600CDB691 /* TranslateViewController.swift */; };
		6AE7BB7C28923ACF00CDB691 /* WebViewController.swift in Sources */ = {isa = PBXBuildFile; fileRef = 6AE7BB7B28923ACF00CDB691 /* WebViewController.swift */; };
		6AE7BB7E28935D4C00CDB691 /* LocationViewController.swift in Sources */ = {isa = PBXBuildFile; fileRef = 6AE7BB7D28935D4C00CDB691 /* LocationViewController.swift */; };
		6AE7BB84289384D100CDB691 /* SCDream3.otf in Resources */ = {isa = PBXBuildFile; fileRef = 6AE7BB81289384D100CDB691 /* SCDream3.otf */; };
		6AE7BB85289384D100CDB691 /* SCDream5.otf in Resources */ = {isa = PBXBuildFile; fileRef = 6AE7BB82289384D100CDB691 /* SCDream5.otf */; };
		6AE7BB86289384D100CDB691 /* SCDream1.otf in Resources */ = {isa = PBXBuildFile; fileRef = 6AE7BB83289384D100CDB691 /* SCDream1.otf */; };
		6AE7BB882897527600CDB691 /* ReusableViewProtocol.swift in Sources */ = {isa = PBXBuildFile; fileRef = 6AE7BB872897527600CDB691 /* ReusableViewProtocol.swift */; };
		6AE7BB8B2897578F00CDB691 /* Constant.swift in Sources */ = {isa = PBXBuildFile; fileRef = 6AE7BB8A2897578F00CDB691 /* Constant.swift */; };
		6AE7BB8D28975FF200CDB691 /* UserDefaultsHelper.swift in Sources */ = {isa = PBXBuildFile; fileRef = 6AE7BB8C28975FF200CDB691 /* UserDefaultsHelper.swift */; };
		6AE7BB9028977CD400CDB691 /* Alamofire in Frameworks */ = {isa = PBXBuildFile; productRef = 6AE7BB8F28977CD400CDB691 /* Alamofire */; };
		6AE7BB9328977CE300CDB691 /* SwiftyJSON in Frameworks */ = {isa = PBXBuildFile; productRef = 6AE7BB9228977CE300CDB691 /* SwiftyJSON */; };
		6AE7BB95289806FE00CDB691 /* BeerViewController.swift in Sources */ = {isa = PBXBuildFile; fileRef = 6AE7BB94289806FE00CDB691 /* BeerViewController.swift */; };
		6AE7BB9828980A9A00CDB691 /* Kingfisher in Frameworks */ = {isa = PBXBuildFile; productRef = 6AE7BB9728980A9A00CDB691 /* Kingfisher */; };
		6AE7BB9A2898BD1A00CDB691 /* BoxOfficeModel.swift in Sources */ = {isa = PBXBuildFile; fileRef = 6AE7BB992898BD1A00CDB691 /* BoxOfficeModel.swift */; };
/* End PBXBuildFile section */

/* Begin PBXFileReference section */
		6A2747342899505D0077EFAA /* BeerCollectionViewCell.swift */ = {isa = PBXFileReference; lastKnownFileType = sourcecode.swift; path = BeerCollectionViewCell.swift; sourceTree = "<group>"; };
		6A2747352899505D0077EFAA /* BeerCollectionViewCell.xib */ = {isa = PBXFileReference; lastKnownFileType = file.xib; path = BeerCollectionViewCell.xib; sourceTree = "<group>"; };
		6A274738289952DD0077EFAA /* BeerModel.swift */ = {isa = PBXFileReference; lastKnownFileType = sourcecode.swift; path = BeerModel.swift; sourceTree = "<group>"; };
		6A274776289A09430077EFAA /* ImageSearchViewController.swift */ = {isa = PBXFileReference; lastKnownFileType = sourcecode.swift; path = ImageSearchViewController.swift; sourceTree = "<group>"; };
		6A274778289AC7EC0077EFAA /* ImageSearchCollectionViewCell.swift */ = {isa = PBXFileReference; lastKnownFileType = sourcecode.swift; path = ImageSearchCollectionViewCell.swift; sourceTree = "<group>"; };
		6A274779289AC7EC0077EFAA /* ImageSearchCollectionViewCell.xib */ = {isa = PBXFileReference; lastKnownFileType = file.xib; path = ImageSearchCollectionViewCell.xib; sourceTree = "<group>"; };
		6A68FA212890DD7300AF6851 /* SeSAC2LectureNetworkBasic.app */ = {isa = PBXFileReference; explicitFileType = wrapper.application; includeInIndex = 0; path = SeSAC2LectureNetworkBasic.app; sourceTree = BUILT_PRODUCTS_DIR; };
		6A68FA242890DD7300AF6851 /* AppDelegate.swift */ = {isa = PBXFileReference; lastKnownFileType = sourcecode.swift; path = AppDelegate.swift; sourceTree = "<group>"; };
		6A68FA262890DD7300AF6851 /* SceneDelegate.swift */ = {isa = PBXFileReference; lastKnownFileType = sourcecode.swift; path = SceneDelegate.swift; sourceTree = "<group>"; };
		6A68FA282890DD7300AF6851 /* ViewController.swift */ = {isa = PBXFileReference; lastKnownFileType = sourcecode.swift; path = ViewController.swift; sourceTree = "<group>"; };
		6A68FA2B2890DD7300AF6851 /* Base */ = {isa = PBXFileReference; lastKnownFileType = file.storyboard; name = Base; path = Base.lproj/Main.storyboard; sourceTree = "<group>"; };
		6A68FA2D2890DD7500AF6851 /* Assets.xcassets */ = {isa = PBXFileReference; lastKnownFileType = folder.assetcatalog; path = Assets.xcassets; sourceTree = "<group>"; };
		6A68FA302890DD7500AF6851 /* Base */ = {isa = PBXFileReference; lastKnownFileType = file.storyboard; name = Base; path = Base.lproj/LaunchScreen.storyboard; sourceTree = "<group>"; };
		6A68FA322890DD7500AF6851 /* Info.plist */ = {isa = PBXFileReference; lastKnownFileType = text.plist.xml; path = Info.plist; sourceTree = "<group>"; };
		6A68FA382890E1F700AF6851 /* SearchViewController.swift */ = {isa = PBXFileReference; lastKnownFileType = sourcecode.swift; path = SearchViewController.swift; sourceTree = "<group>"; };
		6A68FA3E2890E52B00AF6851 /* ListTableViewCell.swift */ = {isa = PBXFileReference; lastKnownFileType = sourcecode.swift; path = ListTableViewCell.swift; sourceTree = "<group>"; };
		6A68FA3F2890E52B00AF6851 /* ListTableViewCell.xib */ = {isa = PBXFileReference; lastKnownFileType = file.xib; path = ListTableViewCell.xib; sourceTree = "<group>"; };
		6AAA2ACC28920CD600901551 /* ViewPresentableProtocol.swift */ = {isa = PBXFileReference; lastKnownFileType = sourcecode.swift; path = ViewPresentableProtocol.swift; sourceTree = "<group>"; };
		6AAA2ACE2892237800901551 /* LottoViewController.swift */ = {isa = PBXFileReference; lastKnownFileType = sourcecode.swift; path = LottoViewController.swift; sourceTree = "<group>"; };
		6AB99F5F289CB3F600F65430 /* ImageSearchAPIManager.swift */ = {isa = PBXFileReference; lastKnownFileType = sourcecode.swift; path = ImageSearchAPIManager.swift; sourceTree = "<group>"; };
		6AE7BB792892306600CDB691 /* TranslateViewController.swift */ = {isa = PBXFileReference; lastKnownFileType = sourcecode.swift; path = TranslateViewController.swift; sourceTree = "<group>"; };
		6AE7BB7B28923ACF00CDB691 /* WebViewController.swift */ = {isa = PBXFileReference; lastKnownFileType = sourcecode.swift; path = WebViewController.swift; sourceTree = "<group>"; };
		6AE7BB7D28935D4C00CDB691 /* LocationViewController.swift */ = {isa = PBXFileReference; lastKnownFileType = sourcecode.swift; path = LocationViewController.swift; sourceTree = "<group>"; };
		6AE7BB81289384D100CDB691 /* SCDream3.otf */ = {isa = PBXFileReference; lastKnownFileType = file; path = SCDream3.otf; sourceTree = "<group>"; };
		6AE7BB82289384D100CDB691 /* SCDream5.otf */ = {isa = PBXFileReference; lastKnownFileType = file; path = SCDream5.otf; sourceTree = "<group>"; };
		6AE7BB83289384D100CDB691 /* SCDream1.otf */ = {isa = PBXFileReference; lastKnownFileType = file; path = SCDream1.otf; sourceTree = "<group>"; };
		6AE7BB872897527600CDB691 /* ReusableViewProtocol.swift */ = {isa = PBXFileReference; lastKnownFileType = sourcecode.swift; path = ReusableViewProtocol.swift; sourceTree = "<group>"; };
		6AE7BB8A2897578F00CDB691 /* Constant.swift */ = {isa = PBXFileReference; lastKnownFileType = sourcecode.swift; path = Constant.swift; sourceTree = "<group>"; };
		6AE7BB8C28975FF200CDB691 /* UserDefaultsHelper.swift */ = {isa = PBXFileReference; lastKnownFileType = sourcecode.swift; path = UserDefaultsHelper.swift; sourceTree = "<group>"; };
		6AE7BB94289806FE00CDB691 /* BeerViewController.swift */ = {isa = PBXFileReference; lastKnownFileType = sourcecode.swift; path = BeerViewController.swift; sourceTree = "<group>"; };
		6AE7BB992898BD1A00CDB691 /* BoxOfficeModel.swift */ = {isa = PBXFileReference; lastKnownFileType = sourcecode.swift; path = BoxOfficeModel.swift; sourceTree = "<group>"; };
/* End PBXFileReference section */

/* Begin PBXFrameworksBuildPhase section */
		6A68FA1E2890DD7300AF6851 /* Frameworks */ = {
			isa = PBXFrameworksBuildPhase;
			buildActionMask = 2147483647;
			files = (
				6A6DD21C289B4FD2005D80DC /* JGProgressHUD in Frameworks */,
				6AE7BB9828980A9A00CDB691 /* Kingfisher in Frameworks */,
				6AE7BB9328977CE300CDB691 /* SwiftyJSON in Frameworks */,
				6AE7BB9028977CD400CDB691 /* Alamofire in Frameworks */,
			);
			runOnlyForDeploymentPostprocessing = 0;
		};
/* End PBXFrameworksBuildPhase section */

/* Begin PBXGroup section */
		6A68FA182890DD7200AF6851 = {
			isa = PBXGroup;
			children = (
				6A68FA232890DD7300AF6851 /* SeSAC2LectureNetworkBasic */,
				6A68FA222890DD7300AF6851 /* Products */,
			);
			sourceTree = "<group>";
		};
		6A68FA222890DD7300AF6851 /* Products */ = {
			isa = PBXGroup;
			children = (
				6A68FA212890DD7300AF6851 /* SeSAC2LectureNetworkBasic.app */,
			);
			name = Products;
			sourceTree = "<group>";
		};
		6A68FA232890DD7300AF6851 /* SeSAC2LectureNetworkBasic */ = {
			isa = PBXGroup;
			children = (
				6AB99F5E289CB3D000F65430 /* APIManager */,
				6AE7BB892897577E00CDB691 /* Constant */,
				6AE7BB802893843600CDB691 /* Resource */,
				6AAA2ACB28920CA000901551 /* Protocol */,
				6A68FA242890DD7300AF6851 /* AppDelegate.swift */,
				6A68FA262890DD7300AF6851 /* SceneDelegate.swift */,
				6A68FA282890DD7300AF6851 /* ViewController.swift */,
				6A68FA2A2890DD7300AF6851 /* Main.storyboard */,
				6A274776289A09430077EFAA /* ImageSearchViewController.swift */,
				6A274778289AC7EC0077EFAA /* ImageSearchCollectionViewCell.swift */,
				6A274779289AC7EC0077EFAA /* ImageSearchCollectionViewCell.xib */,
				6A2747342899505D0077EFAA /* BeerCollectionViewCell.swift */,
				6A2747352899505D0077EFAA /* BeerCollectionViewCell.xib */,
				6AE7BB94289806FE00CDB691 /* BeerViewController.swift */,
				6A274738289952DD0077EFAA /* BeerModel.swift */,
				6AE7BB7D28935D4C00CDB691 /* LocationViewController.swift */,
				6AE7BB7B28923ACF00CDB691 /* WebViewController.swift */,
				6AE7BB792892306600CDB691 /* TranslateViewController.swift */,
				6AAA2ACE2892237800901551 /* LottoViewController.swift */,
				6A68FA382890E1F700AF6851 /* SearchViewController.swift */,
				6AE7BB992898BD1A00CDB691 /* BoxOfficeModel.swift */,
				6A68FA3E2890E52B00AF6851 /* ListTableViewCell.swift */,
				6A68FA3F2890E52B00AF6851 /* ListTableViewCell.xib */,
				6A68FA2D2890DD7500AF6851 /* Assets.xcassets */,
				6A68FA2F2890DD7500AF6851 /* LaunchScreen.storyboard */,
				6A68FA322890DD7500AF6851 /* Info.plist */,
			);
			path = SeSAC2LectureNetworkBasic;
			sourceTree = "<group>";
		};
		6AAA2ACB28920CA000901551 /* Protocol */ = {
			isa = PBXGroup;
			children = (
				6AAA2ACC28920CD600901551 /* ViewPresentableProtocol.swift */,
				6AE7BB872897527600CDB691 /* ReusableViewProtocol.swift */,
			);
			path = Protocol;
			sourceTree = "<group>";
		};
		6AB99F5E289CB3D000F65430 /* APIManager */ = {
			isa = PBXGroup;
			children = (
				6AB99F5F289CB3F600F65430 /* ImageSearchAPIManager.swift */,
			);
			path = APIManager;
			sourceTree = "<group>";
		};
		6AE7BB802893843600CDB691 /* Resource */ = {
			isa = PBXGroup;
			children = (
				6AE7BB83289384D100CDB691 /* SCDream1.otf */,
				6AE7BB81289384D100CDB691 /* SCDream3.otf */,
				6AE7BB82289384D100CDB691 /* SCDream5.otf */,
			);
			path = Resource;
			sourceTree = "<group>";
		};
		6AE7BB892897577E00CDB691 /* Constant */ = {
			isa = PBXGroup;
			children = (
				6AE7BB8A2897578F00CDB691 /* Constant.swift */,
				6AE7BB8C28975FF200CDB691 /* UserDefaultsHelper.swift */,
			);
			path = Constant;
			sourceTree = "<group>";
		};
/* End PBXGroup section */

/* Begin PBXNativeTarget section */
		6A68FA202890DD7300AF6851 /* SeSAC2LectureNetworkBasic */ = {
			isa = PBXNativeTarget;
			buildConfigurationList = 6A68FA352890DD7500AF6851 /* Build configuration list for PBXNativeTarget "SeSAC2LectureNetworkBasic" */;
			buildPhases = (
				6A68FA1D2890DD7300AF6851 /* Sources */,
				6A68FA1E2890DD7300AF6851 /* Frameworks */,
				6A68FA1F2890DD7300AF6851 /* Resources */,
			);
			buildRules = (
			);
			dependencies = (
			);
			name = SeSAC2LectureNetworkBasic;
			packageProductDependencies = (
				6AE7BB8F28977CD400CDB691 /* Alamofire */,
				6AE7BB9228977CE300CDB691 /* SwiftyJSON */,
				6AE7BB9728980A9A00CDB691 /* Kingfisher */,
				6A6DD21B289B4FD2005D80DC /* JGProgressHUD */,
			);
			productName = SeSAC2LectureNetworkBasic;
			productReference = 6A68FA212890DD7300AF6851 /* SeSAC2LectureNetworkBasic.app */;
			productType = "com.apple.product-type.application";
		};
/* End PBXNativeTarget section */

/* Begin PBXProject section */
		6A68FA192890DD7200AF6851 /* Project object */ = {
			isa = PBXProject;
			attributes = {
				BuildIndependentTargetsInParallel = 1;
				LastSwiftUpdateCheck = 1340;
				LastUpgradeCheck = 1340;
				TargetAttributes = {
					6A68FA202890DD7300AF6851 = {
						CreatedOnToolsVersion = 13.4.1;
					};
				};
			};
			buildConfigurationList = 6A68FA1C2890DD7200AF6851 /* Build configuration list for PBXProject "SeSAC2LectureNetworkBasic" */;
			compatibilityVersion = "Xcode 13.0";
			developmentRegion = en;
			hasScannedForEncodings = 0;
			knownRegions = (
				en,
				Base,
			);
			mainGroup = 6A68FA182890DD7200AF6851;
			packageReferences = (
				6AE7BB8E28977CD400CDB691 /* XCRemoteSwiftPackageReference "Alamofire" */,
				6AE7BB9128977CE300CDB691 /* XCRemoteSwiftPackageReference "SwiftyJSON" */,
				6AE7BB9628980A9A00CDB691 /* XCRemoteSwiftPackageReference "Kingfisher" */,
				6A6DD21A289B4FD2005D80DC /* XCRemoteSwiftPackageReference "JGProgressHUD" */,
			);
			productRefGroup = 6A68FA222890DD7300AF6851 /* Products */;
			projectDirPath = "";
			projectRoot = "";
			targets = (
				6A68FA202890DD7300AF6851 /* SeSAC2LectureNetworkBasic */,
			);
		};
/* End PBXProject section */

/* Begin PBXResourcesBuildPhase section */
		6A68FA1F2890DD7300AF6851 /* Resources */ = {
			isa = PBXResourcesBuildPhase;
			buildActionMask = 2147483647;
			files = (
				6A2747372899505D0077EFAA /* BeerCollectionViewCell.xib in Resources */,
				6A27477B289AC7EC0077EFAA /* ImageSearchCollectionViewCell.xib in Resources */,
				6AE7BB84289384D100CDB691 /* SCDream3.otf in Resources */,
				6AE7BB86289384D100CDB691 /* SCDream1.otf in Resources */,
				6A68FA312890DD7500AF6851 /* LaunchScreen.storyboard in Resources */,
				6A68FA412890E52B00AF6851 /* ListTableViewCell.xib in Resources */,
				6AE7BB85289384D100CDB691 /* SCDream5.otf in Resources */,
				6A68FA2E2890DD7500AF6851 /* Assets.xcassets in Resources */,
				6A68FA2C2890DD7300AF6851 /* Main.storyboard in Resources */,
			);
			runOnlyForDeploymentPostprocessing = 0;
		};
/* End PBXResourcesBuildPhase section */

/* Begin PBXSourcesBuildPhase section */
		6A68FA1D2890DD7300AF6851 /* Sources */ = {
			isa = PBXSourcesBuildPhase;
			buildActionMask = 2147483647;
			files = (
				6A68FA292890DD7300AF6851 /* ViewController.swift in Sources */,
				6AE7BB8D28975FF200CDB691 /* UserDefaultsHelper.swift in Sources */,
				6A274739289952DD0077EFAA /* BeerModel.swift in Sources */,
				6AE7BB95289806FE00CDB691 /* BeerViewController.swift in Sources */,
				6AE7BB9A2898BD1A00CDB691 /* BoxOfficeModel.swift in Sources */,
				6AE7BB7C28923ACF00CDB691 /* WebViewController.swift in Sources */,
				6A68FA252890DD7300AF6851 /* AppDelegate.swift in Sources */,
				6A68FA392890E1F700AF6851 /* SearchViewController.swift in Sources */,
				6A274777289A09430077EFAA /* ImageSearchViewController.swift in Sources */,
				6AAA2ACF2892237800901551 /* LottoViewController.swift in Sources */,
				6AE7BB7E28935D4C00CDB691 /* LocationViewController.swift in Sources */,
				6A68FA272890DD7300AF6851 /* SceneDelegate.swift in Sources */,
				6AB99F60289CB3F600F65430 /* ImageSearchAPIManager.swift in Sources */,
				6A27477A289AC7EC0077EFAA /* ImageSearchCollectionViewCell.swift in Sources */,
				6AE7BB7A2892306600CDB691 /* TranslateViewController.swift in Sources */,
				6AAA2ACD28920CD600901551 /* ViewPresentableProtocol.swift in Sources */,
				6A2747362899505D0077EFAA /* BeerCollectionViewCell.swift in Sources */,
				6AE7BB882897527600CDB691 /* ReusableViewProtocol.swift in Sources */,
				6A68FA402890E52B00AF6851 /* ListTableViewCell.swift in Sources */,
				6AE7BB8B2897578F00CDB691 /* Constant.swift in Sources */,
			);
			runOnlyForDeploymentPostprocessing = 0;
		};
/* End PBXSourcesBuildPhase section */

/* Begin PBXVariantGroup section */
		6A68FA2A2890DD7300AF6851 /* Main.storyboard */ = {
			isa = PBXVariantGroup;
			children = (
				6A68FA2B2890DD7300AF6851 /* Base */,
			);
			name = Main.storyboard;
			sourceTree = "<group>";
		};
		6A68FA2F2890DD7500AF6851 /* LaunchScreen.storyboard */ = {
			isa = PBXVariantGroup;
			children = (
				6A68FA302890DD7500AF6851 /* Base */,
			);
			name = LaunchScreen.storyboard;
			sourceTree = "<group>";
		};
/* End PBXVariantGroup section */

/* Begin XCBuildConfiguration section */
		6A68FA332890DD7500AF6851 /* Debug */ = {
			isa = XCBuildConfiguration;
			buildSettings = {
				ALWAYS_SEARCH_USER_PATHS = NO;
				CLANG_ANALYZER_NONNULL = YES;
				CLANG_ANALYZER_NUMBER_OBJECT_CONVERSION = YES_AGGRESSIVE;
				CLANG_CXX_LANGUAGE_STANDARD = "gnu++17";
				CLANG_ENABLE_MODULES = YES;
				CLANG_ENABLE_OBJC_ARC = YES;
				CLANG_ENABLE_OBJC_WEAK = YES;
				CLANG_WARN_BLOCK_CAPTURE_AUTORELEASING = YES;
				CLANG_WARN_BOOL_CONVERSION = YES;
				CLANG_WARN_COMMA = YES;
				CLANG_WARN_CONSTANT_CONVERSION = YES;
				CLANG_WARN_DEPRECATED_OBJC_IMPLEMENTATIONS = YES;
				CLANG_WARN_DIRECT_OBJC_ISA_USAGE = YES_ERROR;
				CLANG_WARN_DOCUMENTATION_COMMENTS = YES;
				CLANG_WARN_EMPTY_BODY = YES;
				CLANG_WARN_ENUM_CONVERSION = YES;
				CLANG_WARN_INFINITE_RECURSION = YES;
				CLANG_WARN_INT_CONVERSION = YES;
				CLANG_WARN_NON_LITERAL_NULL_CONVERSION = YES;
				CLANG_WARN_OBJC_IMPLICIT_RETAIN_SELF = YES;
				CLANG_WARN_OBJC_LITERAL_CONVERSION = YES;
				CLANG_WARN_OBJC_ROOT_CLASS = YES_ERROR;
				CLANG_WARN_QUOTED_INCLUDE_IN_FRAMEWORK_HEADER = YES;
				CLANG_WARN_RANGE_LOOP_ANALYSIS = YES;
				CLANG_WARN_STRICT_PROTOTYPES = YES;
				CLANG_WARN_SUSPICIOUS_MOVE = YES;
				CLANG_WARN_UNGUARDED_AVAILABILITY = YES_AGGRESSIVE;
				CLANG_WARN_UNREACHABLE_CODE = YES;
				CLANG_WARN__DUPLICATE_METHOD_MATCH = YES;
				COPY_PHASE_STRIP = NO;
				DEBUG_INFORMATION_FORMAT = dwarf;
				ENABLE_STRICT_OBJC_MSGSEND = YES;
				ENABLE_TESTABILITY = YES;
				GCC_C_LANGUAGE_STANDARD = gnu11;
				GCC_DYNAMIC_NO_PIC = NO;
				GCC_NO_COMMON_BLOCKS = YES;
				GCC_OPTIMIZATION_LEVEL = 0;
				GCC_PREPROCESSOR_DEFINITIONS = (
					"DEBUG=1",
					"$(inherited)",
				);
				GCC_WARN_64_TO_32_BIT_CONVERSION = YES;
				GCC_WARN_ABOUT_RETURN_TYPE = YES_ERROR;
				GCC_WARN_UNDECLARED_SELECTOR = YES;
				GCC_WARN_UNINITIALIZED_AUTOS = YES_AGGRESSIVE;
				GCC_WARN_UNUSED_FUNCTION = YES;
				GCC_WARN_UNUSED_VARIABLE = YES;
				IPHONEOS_DEPLOYMENT_TARGET = 15.5;
				MTL_ENABLE_DEBUG_INFO = INCLUDE_SOURCE;
				MTL_FAST_MATH = YES;
				ONLY_ACTIVE_ARCH = YES;
				SDKROOT = iphoneos;
				SWIFT_ACTIVE_COMPILATION_CONDITIONS = DEBUG;
				SWIFT_OPTIMIZATION_LEVEL = "-Onone";
			};
			name = Debug;
		};
		6A68FA342890DD7500AF6851 /* Release */ = {
			isa = XCBuildConfiguration;
			buildSettings = {
				ALWAYS_SEARCH_USER_PATHS = NO;
				CLANG_ANALYZER_NONNULL = YES;
				CLANG_ANALYZER_NUMBER_OBJECT_CONVERSION = YES_AGGRESSIVE;
				CLANG_CXX_LANGUAGE_STANDARD = "gnu++17";
				CLANG_ENABLE_MODULES = YES;
				CLANG_ENABLE_OBJC_ARC = YES;
				CLANG_ENABLE_OBJC_WEAK = YES;
				CLANG_WARN_BLOCK_CAPTURE_AUTORELEASING = YES;
				CLANG_WARN_BOOL_CONVERSION = YES;
				CLANG_WARN_COMMA = YES;
				CLANG_WARN_CONSTANT_CONVERSION = YES;
				CLANG_WARN_DEPRECATED_OBJC_IMPLEMENTATIONS = YES;
				CLANG_WARN_DIRECT_OBJC_ISA_USAGE = YES_ERROR;
				CLANG_WARN_DOCUMENTATION_COMMENTS = YES;
				CLANG_WARN_EMPTY_BODY = YES;
				CLANG_WARN_ENUM_CONVERSION = YES;
				CLANG_WARN_INFINITE_RECURSION = YES;
				CLANG_WARN_INT_CONVERSION = YES;
				CLANG_WARN_NON_LITERAL_NULL_CONVERSION = YES;
				CLANG_WARN_OBJC_IMPLICIT_RETAIN_SELF = YES;
				CLANG_WARN_OBJC_LITERAL_CONVERSION = YES;
				CLANG_WARN_OBJC_ROOT_CLASS = YES_ERROR;
				CLANG_WARN_QUOTED_INCLUDE_IN_FRAMEWORK_HEADER = YES;
				CLANG_WARN_RANGE_LOOP_ANALYSIS = YES;
				CLANG_WARN_STRICT_PROTOTYPES = YES;
				CLANG_WARN_SUSPICIOUS_MOVE = YES;
				CLANG_WARN_UNGUARDED_AVAILABILITY = YES_AGGRESSIVE;
				CLANG_WARN_UNREACHABLE_CODE = YES;
				CLANG_WARN__DUPLICATE_METHOD_MATCH = YES;
				COPY_PHASE_STRIP = NO;
				DEBUG_INFORMATION_FORMAT = "dwarf-with-dsym";
				ENABLE_NS_ASSERTIONS = NO;
				ENABLE_STRICT_OBJC_MSGSEND = YES;
				GCC_C_LANGUAGE_STANDARD = gnu11;
				GCC_NO_COMMON_BLOCKS = YES;
				GCC_WARN_64_TO_32_BIT_CONVERSION = YES;
				GCC_WARN_ABOUT_RETURN_TYPE = YES_ERROR;
				GCC_WARN_UNDECLARED_SELECTOR = YES;
				GCC_WARN_UNINITIALIZED_AUTOS = YES_AGGRESSIVE;
				GCC_WARN_UNUSED_FUNCTION = YES;
				GCC_WARN_UNUSED_VARIABLE = YES;
				IPHONEOS_DEPLOYMENT_TARGET = 15.5;
				MTL_ENABLE_DEBUG_INFO = NO;
				MTL_FAST_MATH = YES;
				SDKROOT = iphoneos;
				SWIFT_COMPILATION_MODE = wholemodule;
				SWIFT_OPTIMIZATION_LEVEL = "-O";
				VALIDATE_PRODUCT = YES;
			};
			name = Release;
		};
		6A68FA362890DD7500AF6851 /* Debug */ = {
			isa = XCBuildConfiguration;
			buildSettings = {
				ASSETCATALOG_COMPILER_APPICON_NAME = AppIcon;
				ASSETCATALOG_COMPILER_GLOBAL_ACCENT_COLOR_NAME = AccentColor;
				CODE_SIGN_STYLE = Automatic;
				CURRENT_PROJECT_VERSION = 1;
				DEVELOPMENT_TEAM = CN24RNU85D;
				GENERATE_INFOPLIST_FILE = YES;
				INFOPLIST_FILE = SeSAC2LectureNetworkBasic/Info.plist;
				INFOPLIST_KEY_UIApplicationSupportsIndirectInputEvents = YES;
				INFOPLIST_KEY_UILaunchStoryboardName = LaunchScreen;
				INFOPLIST_KEY_UIMainStoryboardFile = Main;
				INFOPLIST_KEY_UISupportedInterfaceOrientations_iPad = "UIInterfaceOrientationPortrait UIInterfaceOrientationPortraitUpsideDown UIInterfaceOrientationLandscapeLeft UIInterfaceOrientationLandscapeRight";
				INFOPLIST_KEY_UISupportedInterfaceOrientations_iPhone = "UIInterfaceOrientationPortrait UIInterfaceOrientationLandscapeLeft UIInterfaceOrientationLandscapeRight";
				LD_RUNPATH_SEARCH_PATHS = (
					"$(inherited)",
					"@executable_path/Frameworks",
				);
				MARKETING_VERSION = 1.0;
				PRODUCT_BUNDLE_IDENTIFIER = com.jonghwan.SeSAC2LectureNetworkBasic;
				PRODUCT_NAME = "$(TARGET_NAME)";
				SWIFT_EMIT_LOC_STRINGS = YES;
				SWIFT_VERSION = 5.0;
				TARGETED_DEVICE_FAMILY = 1;
			};
			name = Debug;
		};
		6A68FA372890DD7500AF6851 /* Release */ = {
			isa = XCBuildConfiguration;
			buildSettings = {
				ASSETCATALOG_COMPILER_APPICON_NAME = AppIcon;
				ASSETCATALOG_COMPILER_GLOBAL_ACCENT_COLOR_NAME = AccentColor;
				CODE_SIGN_STYLE = Automatic;
				CURRENT_PROJECT_VERSION = 1;
				DEVELOPMENT_TEAM = CN24RNU85D;
				GENERATE_INFOPLIST_FILE = YES;
				INFOPLIST_FILE = SeSAC2LectureNetworkBasic/Info.plist;
				INFOPLIST_KEY_UIApplicationSupportsIndirectInputEvents = YES;
				INFOPLIST_KEY_UILaunchStoryboardName = LaunchScreen;
				INFOPLIST_KEY_UIMainStoryboardFile = Main;
				INFOPLIST_KEY_UISupportedInterfaceOrientations_iPad = "UIInterfaceOrientationPortrait UIInterfaceOrientationPortraitUpsideDown UIInterfaceOrientationLandscapeLeft UIInterfaceOrientationLandscapeRight";
				INFOPLIST_KEY_UISupportedInterfaceOrientations_iPhone = "UIInterfaceOrientationPortrait UIInterfaceOrientationLandscapeLeft UIInterfaceOrientationLandscapeRight";
				LD_RUNPATH_SEARCH_PATHS = (
					"$(inherited)",
					"@executable_path/Frameworks",
				);
				MARKETING_VERSION = 1.0;
				PRODUCT_BUNDLE_IDENTIFIER = com.jonghwan.SeSAC2LectureNetworkBasic;
				PRODUCT_NAME = "$(TARGET_NAME)";
				SWIFT_EMIT_LOC_STRINGS = YES;
				SWIFT_VERSION = 5.0;
				TARGETED_DEVICE_FAMILY = 1;
			};
			name = Release;
		};
/* End XCBuildConfiguration section */

/* Begin XCConfigurationList section */
		6A68FA1C2890DD7200AF6851 /* Build configuration list for PBXProject "SeSAC2LectureNetworkBasic" */ = {
			isa = XCConfigurationList;
			buildConfigurations = (
				6A68FA332890DD7500AF6851 /* Debug */,
				6A68FA342890DD7500AF6851 /* Release */,
			);
			defaultConfigurationIsVisible = 0;
			defaultConfigurationName = Release;
		};
		6A68FA352890DD7500AF6851 /* Build configuration list for PBXNativeTarget "SeSAC2LectureNetworkBasic" */ = {
			isa = XCConfigurationList;
			buildConfigurations = (
				6A68FA362890DD7500AF6851 /* Debug */,
				6A68FA372890DD7500AF6851 /* Release */,
			);
			defaultConfigurationIsVisible = 0;
			defaultConfigurationName = Release;
		};
/* End XCConfigurationList section */

/* Begin XCRemoteSwiftPackageReference section */
		6A6DD21A289B4FD2005D80DC /* XCRemoteSwiftPackageReference "JGProgressHUD" */ = {
			isa = XCRemoteSwiftPackageReference;
			repositoryURL = "https://github.com/JonasGessner/JGProgressHUD.git";
			requirement = {
				kind = upToNextMajorVersion;
				minimumVersion = 2.0.0;
			};
		};
		6AE7BB8E28977CD400CDB691 /* XCRemoteSwiftPackageReference "Alamofire" */ = {
			isa = XCRemoteSwiftPackageReference;
			repositoryURL = "https://github.com/Alamofire/Alamofire.git";
			requirement = {
				kind = upToNextMajorVersion;
				minimumVersion = 5.0.0;
			};
		};
		6AE7BB9128977CE300CDB691 /* XCRemoteSwiftPackageReference "SwiftyJSON" */ = {
			isa = XCRemoteSwiftPackageReference;
			repositoryURL = "https://github.com/SwiftyJSON/SwiftyJSON.git";
			requirement = {
				kind = upToNextMajorVersion;
				minimumVersion = 5.0.0;
			};
		};
		6AE7BB9628980A9A00CDB691 /* XCRemoteSwiftPackageReference "Kingfisher" */ = {
			isa = XCRemoteSwiftPackageReference;
			repositoryURL = "https://github.com/onevcat/Kingfisher";
			requirement = {
				kind = upToNextMajorVersion;
				minimumVersion = 7.0.0;
			};
		};
/* End XCRemoteSwiftPackageReference section */

/* Begin XCSwiftPackageProductDependency section */
		6A6DD21B289B4FD2005D80DC /* JGProgressHUD */ = {
			isa = XCSwiftPackageProductDependency;
			package = 6A6DD21A289B4FD2005D80DC /* XCRemoteSwiftPackageReference "JGProgressHUD" */;
			productName = JGProgressHUD;
		};
		6AE7BB8F28977CD400CDB691 /* Alamofire */ = {
			isa = XCSwiftPackageProductDependency;
			package = 6AE7BB8E28977CD400CDB691 /* XCRemoteSwiftPackageReference "Alamofire" */;
			productName = Alamofire;
		};
		6AE7BB9228977CE300CDB691 /* SwiftyJSON */ = {
			isa = XCSwiftPackageProductDependency;
			package = 6AE7BB9128977CE300CDB691 /* XCRemoteSwiftPackageReference "SwiftyJSON" */;
			productName = SwiftyJSON;
		};
		6AE7BB9728980A9A00CDB691 /* Kingfisher */ = {
			isa = XCSwiftPackageProductDependency;
			package = 6AE7BB9628980A9A00CDB691 /* XCRemoteSwiftPackageReference "Kingfisher" */;
			productName = Kingfisher;
		};
/* End XCSwiftPackageProductDependency section */
	};
	rootObject = 6A68FA192890DD7200AF6851 /* Project object */;
}
